
Microsoft Visual Studio Solution File, Format Version 12.00
# Visual Studio Version 16
VisualStudioVersion = 16.0.28803.452
MinimumVisualStudioVersion = 10.0.40219.1
Project("{FAE04EC0-301F-11D3-BF4B-00C04F79EFBC}") = "socket", "socket\socket.csproj", "{DCEF652B-A967-4616-8B2A-8004117CF8AF}"
EndProject
Global
	GlobalSection(SolutionConfigurationPlatforms) = preSolution
		Debug|Any CPU = Debug|Any CPU
		Release|Any CPU = Release|Any CPU
	EndGlobalSection
	GlobalSection(ProjectConfigurationPlatforms) = postSolution
		{DCEF652B-A967-4616-8B2A-8004117CF8AF}.Debug|Any CPU.ActiveCfg = Debug|Any CPU
		{DCEF652B-A967-4616-8B2A-8004117CF8AF}.Debug|Any CPU.Build.0 = Debug|Any CPU
		{DCEF652B-A967-4616-8B2A-8004117CF8AF}.Release|Any CPU.ActiveCfg = Release|Any CPU
		{DCEF652B-A967-4616-8B2A-8004117CF8AF}.Release|Any CPU.Build.0 = Release|Any CPU
	EndGlobalSection
	GlobalSection(SolutionProperties) = preSolution
		HideSolutionNode = FALSE
	EndGlobalSection
	GlobalSection(ExtensibilityGlobals) = postSolution
		SolutionGuid = {B1321358-0BC6-4F9B-8F39-06C616B9ACCA}
	EndGlobalSection
EndGlobal
